
Microsoft Visual Studio Solution File, Format Version 12.00
# Visual Studio Version 17
VisualStudioVersion = 17.5.33530.505
MinimumVisualStudioVersion = 10.0.40219.1
Project("{FAE04EC0-301F-11D3-BF4B-00C04F79EFBC}") = "RateLimiting", "RateLimiting.csproj", "{B731A902-4F6A-4A5D-BC5D-F3D517347823}"
EndProject
Global
	GlobalSection(SolutionConfigurationPlatforms) = preSolution
		Debug|Any CPU = Debug|Any CPU
		Release|Any CPU = Release|Any CPU
	EndGlobalSection
	GlobalSection(ProjectConfigurationPlatforms) = postSolution
		{B731A902-4F6A-4A5D-BC5D-F3D517347823}.Debug|Any CPU.ActiveCfg = Debug|Any CPU
		{B731A902-4F6A-4A5D-BC5D-F3D517347823}.Debug|Any CPU.Build.0 = Debug|Any CPU
		{B731A902-4F6A-4A5D-BC5D-F3D517347823}.Release|Any CPU.ActiveCfg = Release|Any CPU
		{B731A902-4F6A-4A5D-BC5D-F3D517347823}.Release|Any CPU.Build.0 = Release|Any CPU
	EndGlobalSection
	GlobalSection(SolutionProperties) = preSolution
		HideSolutionNode = FALSE
	EndGlobalSection
	GlobalSection(ExtensibilityGlobals) = postSolution
		SolutionGuid = {A870BC8B-5261-452F-90F5-2F63C0C6C54D}
	EndGlobalSection
EndGlobal
